
Microsoft Visual Studio Solution File, Format Version 12.00
Project("{FAE04EC0-301F-11D3-BF4B-00C04F79EFBC}") = "OrderManagement", "OrderManagement\OrderManagement.csproj", "{804EAF4E-05C0-4EA8-95E0-288CA5BDF4A5}"
EndProject
Global
	GlobalSection(SolutionConfigurationPlatforms) = preSolution
		Debug|Any CPU = Debug|Any CPU
		Release|Any CPU = Release|Any CPU
	EndGlobalSection
	GlobalSection(ProjectConfigurationPlatforms) = postSolution
		{804EAF4E-05C0-4EA8-95E0-288CA5BDF4A5}.Debug|Any CPU.ActiveCfg = Debug|Any CPU
		{804EAF4E-05C0-4EA8-95E0-288CA5BDF4A5}.Debug|Any CPU.Build.0 = Debug|Any CPU
		{804EAF4E-05C0-4EA8-95E0-288CA5BDF4A5}.Release|Any CPU.ActiveCfg = Release|Any CPU
		{804EAF4E-05C0-4EA8-95E0-288CA5BDF4A5}.Release|Any CPU.Build.0 = Release|Any CPU
	EndGlobalSection
EndGlobal
